{
  "name": "cyber-security-project-r-m-",
  "version": "1.0.0",
  "lockfileVersion": 3,
  "requires": true,
  "packages": {
    "": {
      "name": "cyber-security-project-r-m-",
      "version": "1.0.0",
      "hasInstallScript": true,
      "license": "ISC",
      "dependencies": {
        "encrypt-rsa": "^3.3.0"
      }
    },
    "node_modules/encrypt-rsa": {
      "version": "3.3.0",
      "resolved": "https://registry.npmjs.org/encrypt-rsa/-/encrypt-rsa-3.3.0.tgz",
      "integrity": "sha512-pIKuD2C/k9Vc5S7t4xMPVeXOE+rlXqzGotJc1yO0YLDr3DGy/jlnxhA2lxyvrEfO0J3R9bkl6vFby5Yd3ajNVA==",
      "license": "ISC"
    }
  }
}
